<?xml version="1.0" encoding="utf-8"?>
<Project ToolsVersion="4.0" xmlns="http://schemas.microsoft.com/developer/msbuild/2003">
  <ItemGroup>
    <Filter Include="Исходные файлы">
      <UniqueIdentifier>{4FC737F1-C7A5-4376-A066-2A32D752A2FF}</UniqueIdentifier>
      <Extensions>cpp;c;cc;cxx;c++;cppm;ixx;def;odl;idl;hpj;bat;asm;asmx</Extensions>
    </Filter>
    <Filter Include="Файлы заголовков">
      <UniqueIdentifier>{93995380-89BD-4b04-88EB-625FBE52EBFB}</UniqueIdentifier>
      <Extensions>h;hh;hpp;hxx;h++;hm;inl;inc;ipp;xsd</Extensions>
    </Filter>
    <Filter Include="Файлы ресурсов">
      <UniqueIdentifier>{67DA6AB6-F800-4c08-8B7A-83BB121AAD01}</UniqueIdentifier>
      <Extensions>rc;ico;cur;bmp;dlg;rc2;rct;bin;rgs;gif;jpg;jpeg;jpe;resx;tiff;tif;png;wav;mfcribbon-ms</Extensions>
    </Filter>
  </ItemGroup>
  <ItemGroup>
    <ClCompile Include="src\main.cpp">
      <Filter>Исходные файлы</Filter>
    </ClCompile>
    <ClCompile Include="src\utility.cpp">
      <Filter>Исходные файлы</Filter>
    </ClCompile>
    <ClCompile Include="src\devices\deviceEnumerator.cpp">
      <Filter>Исходные файлы</Filter>
    </ClCompile>
    <ClCompile Include="vendor\ImGui\backends\imgui_impl_win32.cpp">
      <Filter>Исходные файлы</Filter>
    </ClCompile>
    <ClCompile Include="vendor\ImGui\imgui_widgets.cpp">
      <Filter>Исходные файлы</Filter>
    </ClCompile>
    <ClCompile Include="vendor\ImGui\imgui.cpp">
      <Filter>Исходные файлы</Filter>
    </ClCompile>
    <ClCompile Include="vendor\ImGui\imgui_draw.cpp">
      <Filter>Исходные файлы</Filter>
    </ClCompile>
    <ClCompile Include="vendor\ImGui\imgui_tables.cpp">
      <Filter>Исходные файлы</Filter>
    </ClCompile>
    <ClCompile Include="vendor\ImGui\backends\imgui_impl_opengl3.cpp">
      <Filter>Исходные файлы</Filter>
    </ClCompile>
    <ClCompile Include="vendor\ImGui\imgui_demo.cpp">
      <Filter>Исходные файлы</Filter>
    </ClCompile>
    <ClCompile Include="src\imageCv2GlAdapter.cpp">
      <Filter>Исходные файлы</Filter>
    </ClCompile>
    <ClCompile Include="src\gui\cameraWindow.cpp">
      <Filter>Исходные файлы</Filter>
    </ClCompile>
    <ClCompile Include="src\services\cameraService.cpp">
      <Filter>Исходные файлы</Filter>
    </ClCompile>
    <ClCompile Include="src\devices\serial\serialPortWrapper.cpp">
      <Filter>Исходные файлы</Filter>
    </ClCompile>
    <ClCompile Include="vendor\serial\serial.cpp">
      <Filter>Исходные файлы</Filter>
    </ClCompile>
    <ClCompile Include="vendor\libfacedetection\include\facedetection\facedetectcnn.cpp">
      <Filter>Исходные файлы</Filter>
    </ClCompile>
    <ClCompile Include="vendor\libfacedetection\include\facedetection\facedetectcnn-model.cpp">
      <Filter>Исходные файлы</Filter>
    </ClCompile>
    <ClCompile Include="vendor\libfacedetection\include\facedetection\facedetectcnn-data.cpp">
      <Filter>Исходные файлы</Filter>
    </ClCompile>
    <ClCompile Include="src\services\faceScannerService.cpp">
      <Filter>Исходные файлы</Filter>
    </ClCompile>
    <ClCompile Include="src\services\baseService.cpp">
      <Filter>Исходные файлы</Filter>
    </ClCompile>
    <ClCompile Include="src\services\robotHandlerService.cpp">
      <Filter>Исходные файлы</Filter>
    </ClCompile>
    <ClCompile Include="src\ini\internal\iniReader.cpp">
      <Filter>Исходные файлы</Filter>
    </ClCompile>
    <ClCompile Include="src\ini\internal\iniWriter.cpp">
      <Filter>Исходные файлы</Filter>
    </ClCompile>
    <ClCompile Include="src\ini\defaultConfig.cpp">
      <Filter>Исходные файлы</Filter>
    </ClCompile>
  </ItemGroup>
  <ItemGroup>
    <ClInclude Include="src\utility.h">
      <Filter>Файлы заголовков</Filter>
    </ClInclude>
    <ClInclude Include="src\devices\deviceEnumerator.h">
      <Filter>Файлы заголовков</Filter>
    </ClInclude>
    <ClInclude Include="vendor\libp7\Headers\P7_Trace.h">
      <Filter>Файлы заголовков</Filter>
    </ClInclude>
    <ClInclude Include="vendor\libp7\Headers\P7_Client.h">
      <Filter>Файлы заголовков</Filter>
    </ClInclude>
    <ClInclude Include="vendor\libp7\Headers\P7_Cproxy.h">
      <Filter>Файлы заголовков</Filter>
    </ClInclude>
    <ClInclude Include="vendor\libp7\Headers\GTypes.h">
      <Filter>Файлы заголовков</Filter>
    </ClInclude>
    <ClInclude Include="vendor\libp7\Headers\P7_Version.h">
      <Filter>Файлы заголовков</Filter>
    </ClInclude>
    <ClInclude Include="vendor\libp7\Headers\P7_Extensions.h">
      <Filter>Файлы заголовков</Filter>
    </ClInclude>
    <ClInclude Include="vendor\libp7\Headers\P7_Telemetry.h">
      <Filter>Файлы заголовков</Filter>
    </ClInclude>
    <ClInclude Include="vendor\ImGui\backends\imgui_impl_win32.h">
      <Filter>Файлы заголовков</Filter>
    </ClInclude>
    <ClInclude Include="vendor\ImGui\imconfig.h">
      <Filter>Файлы заголовков</Filter>
    </ClInclude>
    <ClInclude Include="vendor\ImGui\imgui.h">
      <Filter>Файлы заголовков</Filter>
    </ClInclude>
    <ClInclude Include="vendor\ImGui\imgui_internal.h">
      <Filter>Файлы заголовков</Filter>
    </ClInclude>
    <ClInclude Include="vendor\ImGui\imstb_rectpack.h">
      <Filter>Файлы заголовков</Filter>
    </ClInclude>
    <ClInclude Include="vendor\ImGui\imstb_textedit.h">
      <Filter>Файлы заголовков</Filter>
    </ClInclude>
    <ClInclude Include="vendor\ImGui\imstb_truetype.h">
      <Filter>Файлы заголовков</Filter>
    </ClInclude>
    <ClInclude Include="vendor\ImGui\backends\imgui_impl_opengl3.h">
      <Filter>Файлы заголовков</Filter>
    </ClInclude>
    <ClInclude Include="vendor\ImGui\backends\imgui_impl_opengl3_loader.h">
      <Filter>Файлы заголовков</Filter>
    </ClInclude>
    <ClInclude Include="src\imageCv2GlAdapter.h">
      <Filter>Файлы заголовков</Filter>
    </ClInclude>
    <ClInclude Include="src\gui\cameraWindow.h">
      <Filter>Файлы заголовков</Filter>
    </ClInclude>
    <ClInclude Include="src\services\cameraService.h">
      <Filter>Файлы заголовков</Filter>
    </ClInclude>
    <ClInclude Include="src\devices\serial\serialPortWrapper.h">
      <Filter>Файлы заголовков</Filter>
    </ClInclude>
    <ClInclude Include="vendor\serial\serial.h">
      <Filter>Файлы заголовков</Filter>
    </ClInclude>
    <ClInclude Include="vendor\libfacedetection\include\facedetection\facedetectcnn.h">
      <Filter>Файлы заголовков</Filter>
    </ClInclude>
    <ClInclude Include="vendor\libfacedetection\include\facedetection\facedetection_export.h">
      <Filter>Файлы заголовков</Filter>
    </ClInclude>
    <ClInclude Include="src\services\faceScannerService.h">
      <Filter>Файлы заголовков</Filter>
    </ClInclude>
    <ClInclude Include="src\services\baseService.h">
      <Filter>Файлы заголовков</Filter>
    </ClInclude>
    <ClInclude Include="src\services\robotHandlerService.h">
      <Filter>Файлы заголовков</Filter>
    </ClInclude>
    <ClInclude Include="src\ini\internal\iniDefaults.h">
      <Filter>Файлы заголовков</Filter>
    </ClInclude>
    <ClInclude Include="src\ini\internal\iniReader.h">
      <Filter>Файлы заголовков</Filter>
    </ClInclude>
    <ClInclude Include="src\ini\internal\iniWriter.h">
      <Filter>Файлы заголовков</Filter>
    </ClInclude>
    <ClInclude Include="src\ini\defaultConfig.h">
      <Filter>Файлы заголовков</Filter>
    </ClInclude>
  </ItemGroup>
</Project>